
Microsoft Visual Studio Solution File, Format Version 12.00
# Visual Studio Version 17
VisualStudioVersion = 17.3.32811.315
MinimumVisualStudioVersion = 10.0.40219.1
Project("{FAE04EC0-301F-11D3-BF4B-00C04F79EFBC}") = "Core", "Core\Core.csproj", "{6389241A-798F-4F14-B097-4AA0A6A469D1}"
EndProject
Project("{FAE04EC0-301F-11D3-BF4B-00C04F79EFBC}") = "Business", "Business\Business.csproj", "{B4E504C5-C669-4466-8254-2DB83893BCDD}"
EndProject
Project("{FAE04EC0-301F-11D3-BF4B-00C04F79EFBC}") = "Entities", "Entities\Entities.csproj", "{04704C38-DC84-4C39-AE41-11A587F54006}"
EndProject
Project("{FAE04EC0-301F-11D3-BF4B-00C04F79EFBC}") = "DataAccess", "DataAccess\DataAccess.csproj", "{583FFDC1-D22D-401A-B751-E63ADA2F6487}"
EndProject
Project("{FAE04EC0-301F-11D3-BF4B-00C04F79EFBC}") = "ConsoleUI", "ConsoleUI\ConsoleUI.csproj", "{8F33FAAF-ED2B-4A5C-BFFC-DB608EEF0BF9}"
EndProject
Global
	GlobalSection(SolutionConfigurationPlatforms) = preSolution
		Debug|Any CPU = Debug|Any CPU
		Release|Any CPU = Release|Any CPU
	EndGlobalSection
	GlobalSection(ProjectConfigurationPlatforms) = postSolution
		{6389241A-798F-4F14-B097-4AA0A6A469D1}.Debug|Any CPU.ActiveCfg = Debug|Any CPU
		{6389241A-798F-4F14-B097-4AA0A6A469D1}.Debug|Any CPU.Build.0 = Debug|Any CPU
		{6389241A-798F-4F14-B097-4AA0A6A469D1}.Release|Any CPU.ActiveCfg = Release|Any CPU
		{6389241A-798F-4F14-B097-4AA0A6A469D1}.Release|Any CPU.Build.0 = Release|Any CPU
		{B4E504C5-C669-4466-8254-2DB83893BCDD}.Debug|Any CPU.ActiveCfg = Debug|Any CPU
		{B4E504C5-C669-4466-8254-2DB83893BCDD}.Debug|Any CPU.Build.0 = Debug|Any CPU
		{B4E504C5-C669-4466-8254-2DB83893BCDD}.Release|Any CPU.ActiveCfg = Release|Any CPU
		{B4E504C5-C669-4466-8254-2DB83893BCDD}.Release|Any CPU.Build.0 = Release|Any CPU
		{04704C38-DC84-4C39-AE41-11A587F54006}.Debug|Any CPU.ActiveCfg = Debug|Any CPU
		{04704C38-DC84-4C39-AE41-11A587F54006}.Debug|Any CPU.Build.0 = Debug|Any CPU
		{04704C38-DC84-4C39-AE41-11A587F54006}.Release|Any CPU.ActiveCfg = Release|Any CPU
		{04704C38-DC84-4C39-AE41-11A587F54006}.Release|Any CPU.Build.0 = Release|Any CPU
		{583FFDC1-D22D-401A-B751-E63ADA2F6487}.Debug|Any CPU.ActiveCfg = Debug|Any CPU
		{583FFDC1-D22D-401A-B751-E63ADA2F6487}.Debug|Any CPU.Build.0 = Debug|Any CPU
		{583FFDC1-D22D-401A-B751-E63ADA2F6487}.Release|Any CPU.ActiveCfg = Release|Any CPU
		{583FFDC1-D22D-401A-B751-E63ADA2F6487}.Release|Any CPU.Build.0 = Release|Any CPU
		{8F33FAAF-ED2B-4A5C-BFFC-DB608EEF0BF9}.Debug|Any CPU.ActiveCfg = Debug|Any CPU
		{8F33FAAF-ED2B-4A5C-BFFC-DB608EEF0BF9}.Debug|Any CPU.Build.0 = Debug|Any CPU
		{8F33FAAF-ED2B-4A5C-BFFC-DB608EEF0BF9}.Release|Any CPU.ActiveCfg = Release|Any CPU
		{8F33FAAF-ED2B-4A5C-BFFC-DB608EEF0BF9}.Release|Any CPU.Build.0 = Release|Any CPU
	EndGlobalSection
	GlobalSection(SolutionProperties) = preSolution
		HideSolutionNode = FALSE
	EndGlobalSection
	GlobalSection(ExtensibilityGlobals) = postSolution
		SolutionGuid = {A916FD7D-9BE6-4D7B-A9B2-BEEDA2478E38}
	EndGlobalSection
EndGlobal
